{
  "name": "LINK-X",
  "lockfileVersion": 3,
  "requires": true,
  "packages": {
    "": {
      "dependencies": {
        "sonner": "^2.0.3"
      }
    },
    "node_modules/sonner": {
      "version": "2.0.3",
      "resolved": "https://registry.npmjs.org/sonner/-/sonner-2.0.3.tgz",
      "integrity": "sha512-njQ4Hht92m0sMqqHVDL32V2Oun9W1+PHO9NDv9FHfJjT3JT22IG4Jpo3FPQy+mouRKCXFWO+r67v6MrHX2zeIA==",
      "license": "MIT",
      "peerDependencies": {
        "react": "^18.0.0 || ^19.0.0 || ^19.0.0-rc",
        "react-dom": "^18.0.0 || ^19.0.0 || ^19.0.0-rc"
      }
    }
  }
}
